
Microsoft Visual Studio Solution File, Format Version 12.00
# Visual Studio Version 16
VisualStudioVersion = 16.0.28922.388
MinimumVisualStudioVersion = 10.0.40219.1
Project("{8BC9CEB8-8B4A-11D0-8D11-00A0C91BC942}") = "core", "code\core\core.vcxproj", "{EAE24C03-3C9C-471C-BECF-7FA3C575845B}"
EndProject
Project("{8BC9CEB8-8B4A-11D0-8D11-00A0C91BC942}") = "buildVerUpdate", "code\buildVerUpdate\buildVerUpdate.vcxproj", "{27A6408C-349F-4188-B62D-5209BD9C5ABE}"
	ProjectSection(ProjectDependencies) = postProject
		{EAE24C03-3C9C-471C-BECF-7FA3C575845B} = {EAE24C03-3C9C-471C-BECF-7FA3C575845B}
		{155A8006-7FF7-497E-A7BE-B7936837ABEA} = {155A8006-7FF7-497E-A7BE-B7936837ABEA}
	EndProjectSection
EndProject
Project("{8BC9CEB8-8B4A-11D0-8D11-00A0C91BC942}") = "framework", "code\framework\framework.vcxproj", "{155A8006-7FF7-497E-A7BE-B7936837ABEA}"
	ProjectSection(ProjectDependencies) = postProject
		{EAE24C03-3C9C-471C-BECF-7FA3C575845B} = {EAE24C03-3C9C-471C-BECF-7FA3C575845B}
		{8B43927A-6BD8-46EC-87A2-E7F38F574265} = {8B43927A-6BD8-46EC-87A2-E7F38F574265}
	EndProjectSection
EndProject
Project("{8BC9CEB8-8B4A-11D0-8D11-00A0C91BC942}") = "teaForGod", "code\teaForGod\teaForGod.vcxproj", "{CD6DE3E4-7B01-4B4A-8593-82C67B7BAA75}"
	ProjectSection(ProjectDependencies) = postProject
		{EAE24C03-3C9C-471C-BECF-7FA3C575845B} = {EAE24C03-3C9C-471C-BECF-7FA3C575845B}
		{155A8006-7FF7-497E-A7BE-B7936837ABEA} = {155A8006-7FF7-497E-A7BE-B7936837ABEA}
		{8B43927A-6BD8-46EC-87A2-E7F38F574265} = {8B43927A-6BD8-46EC-87A2-E7F38F574265}
	EndProjectSection
EndProject
Project("{8BC9CEB8-8B4A-11D0-8D11-00A0C91BC942}") = "teaForGodWin", "code\teaForGodWin\teaForGodWin.vcxproj", "{E1DE4C76-CA9E-4D26-9E43-B6F4B77AE202}"
	ProjectSection(ProjectDependencies) = postProject
		{EAE24C03-3C9C-471C-BECF-7FA3C575845B} = {EAE24C03-3C9C-471C-BECF-7FA3C575845B}
		{155A8006-7FF7-497E-A7BE-B7936837ABEA} = {155A8006-7FF7-497E-A7BE-B7936837ABEA}
		{8B43927A-6BD8-46EC-87A2-E7F38F574265} = {8B43927A-6BD8-46EC-87A2-E7F38F574265}
		{CD6DE3E4-7B01-4B4A-8593-82C67B7BAA75} = {CD6DE3E4-7B01-4B4A-8593-82C67B7BAA75}
	EndProjectSection
EndProject
Project("{8BC9CEB8-8B4A-11D0-8D11-00A0C91BC942}") = "tools", "code\tools\tools.vcxproj", "{8B43927A-6BD8-46EC-87A2-E7F38F574265}"
	ProjectSection(ProjectDependencies) = postProject
		{EAE24C03-3C9C-471C-BECF-7FA3C575845B} = {EAE24C03-3C9C-471C-BECF-7FA3C575845B}
	EndProjectSection
EndProject
Project("{8BC9CEB8-8B4A-11D0-8D11-00A0C91BC942}") = "teaForGodAndroid.NativeActivity", "code\teaForGodAndroid.NativeActivity\teaForGodAndroid.NativeActivity.vcxproj", "{DC1C7FF7-C044-463C-B946-C7298734E2F5}"
	ProjectSection(ProjectDependencies) = postProject
		{EAE24C03-3C9C-471C-BECF-7FA3C575845B} = {EAE24C03-3C9C-471C-BECF-7FA3C575845B}
		{155A8006-7FF7-497E-A7BE-B7936837ABEA} = {155A8006-7FF7-497E-A7BE-B7936837ABEA}
		{8B43927A-6BD8-46EC-87A2-E7F38F574265} = {8B43927A-6BD8-46EC-87A2-E7F38F574265}
		{CD6DE3E4-7B01-4B4A-8593-82C67B7BAA75} = {CD6DE3E4-7B01-4B4A-8593-82C67B7BAA75}
	EndProjectSection
EndProject
Project("{39E2626F-3545-4960-A6E8-258AD8476CE5}") = "teaForGodQuest", "code\teaForGodQuest\teaForGodQuest.androidproj", "{6F16D2C8-3746-44D2-B124-ED09E3CBD2D2}"
	ProjectSection(ProjectDependencies) = postProject
		{EAE24C03-3C9C-471C-BECF-7FA3C575845B} = {EAE24C03-3C9C-471C-BECF-7FA3C575845B}
		{155A8006-7FF7-497E-A7BE-B7936837ABEA} = {155A8006-7FF7-497E-A7BE-B7936837ABEA}
		{8B43927A-6BD8-46EC-87A2-E7F38F574265} = {8B43927A-6BD8-46EC-87A2-E7F38F574265}
		{CD6DE3E4-7B01-4B4A-8593-82C67B7BAA75} = {CD6DE3E4-7B01-4B4A-8593-82C67B7BAA75}
		{DC1C7FF7-C044-463C-B946-C7298734E2F5} = {DC1C7FF7-C044-463C-B946-C7298734E2F5}
	EndProjectSection
EndProject
Project("{39E2626F-3545-4960-A6E8-258AD8476CE5}") = "teaForGodVive", "code\teaForGodVive\teaForGodVive.androidproj", "{F853E94C-74BA-4A19-8634-E973BE619BE4}"
	ProjectSection(ProjectDependencies) = postProject
		{EAE24C03-3C9C-471C-BECF-7FA3C575845B} = {EAE24C03-3C9C-471C-BECF-7FA3C575845B}
		{155A8006-7FF7-497E-A7BE-B7936837ABEA} = {155A8006-7FF7-497E-A7BE-B7936837ABEA}
		{8B43927A-6BD8-46EC-87A2-E7F38F574265} = {8B43927A-6BD8-46EC-87A2-E7F38F574265}
		{CD6DE3E4-7B01-4B4A-8593-82C67B7BAA75} = {CD6DE3E4-7B01-4B4A-8593-82C67B7BAA75}
		{DC1C7FF7-C044-463C-B946-C7298734E2F5} = {DC1C7FF7-C044-463C-B946-C7298734E2F5}
	EndProjectSection
EndProject
Project("{39E2626F-3545-4960-A6E8-258AD8476CE5}") = "teaForGodPico", "code\teaForGodPico\teaForGodPico.androidproj", "{64369BFC-1249-97CB-57DE-DB9714CB6A46}"
	ProjectSection(ProjectDependencies) = postProject
		{EAE24C03-3C9C-471C-BECF-7FA3C575845B} = {EAE24C03-3C9C-471C-BECF-7FA3C575845B}
		{155A8006-7FF7-497E-A7BE-B7936837ABEA} = {155A8006-7FF7-497E-A7BE-B7936837ABEA}
		{8B43927A-6BD8-46EC-87A2-E7F38F574265} = {8B43927A-6BD8-46EC-87A2-E7F38F574265}
		{CD6DE3E4-7B01-4B4A-8593-82C67B7BAA75} = {CD6DE3E4-7B01-4B4A-8593-82C67B7BAA75}
		{DC1C7FF7-C044-463C-B946-C7298734E2F5} = {DC1C7FF7-C044-463C-B946-C7298734E2F5}
	EndProjectSection
EndProject
Project("{39E2626F-3545-4960-A6E8-258AD8476CE5}") = "teaForGodAndroid", "code\teaForGodAndroid\teaForGodAndroid.androidproj", "{89C9DE4E-B581-C979-197F-F90128BA95C3}"
	ProjectSection(ProjectDependencies) = postProject
		{EAE24C03-3C9C-471C-BECF-7FA3C575845B} = {EAE24C03-3C9C-471C-BECF-7FA3C575845B}
		{155A8006-7FF7-497E-A7BE-B7936837ABEA} = {155A8006-7FF7-497E-A7BE-B7936837ABEA}
		{8B43927A-6BD8-46EC-87A2-E7F38F574265} = {8B43927A-6BD8-46EC-87A2-E7F38F574265}
		{CD6DE3E4-7B01-4B4A-8593-82C67B7BAA75} = {CD6DE3E4-7B01-4B4A-8593-82C67B7BAA75}
		{DC1C7FF7-C044-463C-B946-C7298734E2F5} = {DC1C7FF7-C044-463C-B946-C7298734E2F5}
	EndProjectSection
EndProject
Project("{2150E333-8FDC-42A3-9474-1A3956D46DE8}") = "visualisers", "visualisers", "{E8B760B7-ADBE-43E5-A12C-63B64AB2DF3C}"
	ProjectSection(SolutionItems) = preProject
		doc\visualisers\aironoevl.natvis = doc\visualisers\aironoevl.natvis
	EndProjectSection
EndProject
Project("{2150E333-8FDC-42A3-9474-1A3956D46DE8}") = "platforms", "platforms", "{30E23F06-AAD4-4389-A7CC-1002FE4A5366}"
EndProject
Project("{2150E333-8FDC-42A3-9474-1A3956D46DE8}") = "teaForGod", "teaForGod", "{DCF1687A-EA37-406A-8325-85E42D490FD4}"
EndProject
Project("{2150E333-8FDC-42A3-9474-1A3956D46DE8}") = "libraries", "libraries", "{7ECDC5F7-A746-4F8A-BAA1-7C81F84BB67A}"
EndProject
Project("{2150E333-8FDC-42A3-9474-1A3956D46DE8}") = "projects", "projects", "{FFAA4C82-288E-4DED-AC08-C61344D03686}"
EndProject
Global
	GlobalSection(SolutionConfigurationPlatforms) = preSolution
		Debug|ARM64 = Debug|ARM64
		Debug|x64 = Debug|x64
		Dev|ARM64 = Dev|ARM64
		Dev|x64 = Dev|x64
		Profiler|ARM64 = Profiler|ARM64
		Profiler|x64 = Profiler|x64
		Release|ARM64 = Release|ARM64
		Release|x64 = Release|x64
		ReleaseAndroid|ARM64 = ReleaseAndroid|ARM64
		ReleaseAndroid|x64 = ReleaseAndroid|x64
		ReleaseOculus|ARM64 = ReleaseOculus|ARM64
		ReleaseOculus|x64 = ReleaseOculus|x64
		ReleasePico|ARM64 = ReleasePico|ARM64
		ReleasePico|x64 = ReleasePico|x64
		ReleaseSteam|ARM64 = ReleaseSteam|ARM64
		ReleaseSteam|x64 = ReleaseSteam|x64
		ReleaseVive|ARM64 = ReleaseVive|ARM64
		ReleaseVive|x64 = ReleaseVive|x64
	EndGlobalSection
	GlobalSection(ProjectConfigurationPlatforms) = postSolution
		{EAE24C03-3C9C-471C-BECF-7FA3C575845B}.Debug|ARM64.ActiveCfg = Debug|ARM64
		{EAE24C03-3C9C-471C-BECF-7FA3C575845B}.Debug|ARM64.Build.0 = Debug|ARM64
		{EAE24C03-3C9C-471C-BECF-7FA3C575845B}.Debug|x64.ActiveCfg = Debug|x64
		{EAE24C03-3C9C-471C-BECF-7FA3C575845B}.Debug|x64.Build.0 = Debug|x64
		{EAE24C03-3C9C-471C-BECF-7FA3C575845B}.Dev|ARM64.ActiveCfg = Dev|ARM64
		{EAE24C03-3C9C-471C-BECF-7FA3C575845B}.Dev|ARM64.Build.0 = Dev|ARM64
		{EAE24C03-3C9C-471C-BECF-7FA3C575845B}.Dev|x64.ActiveCfg = Dev|x64
		{EAE24C03-3C9C-471C-BECF-7FA3C575845B}.Dev|x64.Build.0 = Dev|x64
		{EAE24C03-3C9C-471C-BECF-7FA3C575845B}.Profiler|ARM64.ActiveCfg = Profiler|ARM64
		{EAE24C03-3C9C-471C-BECF-7FA3C575845B}.Profiler|ARM64.Build.0 = Profiler|ARM64
		{EAE24C03-3C9C-471C-BECF-7FA3C575845B}.Profiler|x64.ActiveCfg = Profiler|x64
		{EAE24C03-3C9C-471C-BECF-7FA3C575845B}.Profiler|x64.Build.0 = Profiler|x64
		{EAE24C03-3C9C-471C-BECF-7FA3C575845B}.Release|ARM64.ActiveCfg = Release|ARM64
		{EAE24C03-3C9C-471C-BECF-7FA3C575845B}.Release|ARM64.Build.0 = Release|ARM64
		{EAE24C03-3C9C-471C-BECF-7FA3C575845B}.Release|x64.ActiveCfg = Release|x64
		{EAE24C03-3C9C-471C-BECF-7FA3C575845B}.Release|x64.Build.0 = Release|x64
		{EAE24C03-3C9C-471C-BECF-7FA3C575845B}.ReleaseAndroid|ARM64.ActiveCfg = ReleaseAndroid|ARM64
		{EAE24C03-3C9C-471C-BECF-7FA3C575845B}.ReleaseAndroid|ARM64.Build.0 = ReleaseAndroid|ARM64
		{EAE24C03-3C9C-471C-BECF-7FA3C575845B}.ReleaseAndroid|x64.ActiveCfg = ReleaseAndroid|ARM64
		{EAE24C03-3C9C-471C-BECF-7FA3C575845B}.ReleaseOculus|ARM64.ActiveCfg = ReleaseOculus|ARM64
		{EAE24C03-3C9C-471C-BECF-7FA3C575845B}.ReleaseOculus|ARM64.Build.0 = ReleaseOculus|ARM64
		{EAE24C03-3C9C-471C-BECF-7FA3C575845B}.ReleaseOculus|x64.ActiveCfg = ReleaseOculus|x64
		{EAE24C03-3C9C-471C-BECF-7FA3C575845B}.ReleaseOculus|x64.Build.0 = ReleaseOculus|x64
		{EAE24C03-3C9C-471C-BECF-7FA3C575845B}.ReleasePico|ARM64.ActiveCfg = ReleasePico|ARM64
		{EAE24C03-3C9C-471C-BECF-7FA3C575845B}.ReleasePico|ARM64.Build.0 = ReleasePico|ARM64
		{EAE24C03-3C9C-471C-BECF-7FA3C575845B}.ReleasePico|x64.ActiveCfg = ReleasePico|ARM64
		{EAE24C03-3C9C-471C-BECF-7FA3C575845B}.ReleaseSteam|ARM64.ActiveCfg = ReleaseSteam|ARM64
		{EAE24C03-3C9C-471C-BECF-7FA3C575845B}.ReleaseSteam|x64.ActiveCfg = ReleaseSteam|x64
		{EAE24C03-3C9C-471C-BECF-7FA3C575845B}.ReleaseSteam|x64.Build.0 = ReleaseSteam|x64
		{EAE24C03-3C9C-471C-BECF-7FA3C575845B}.ReleaseVive|ARM64.ActiveCfg = ReleaseVive|ARM64
		{EAE24C03-3C9C-471C-BECF-7FA3C575845B}.ReleaseVive|ARM64.Build.0 = ReleaseVive|ARM64
		{EAE24C03-3C9C-471C-BECF-7FA3C575845B}.ReleaseVive|x64.ActiveCfg = ReleaseVive|x64
		{EAE24C03-3C9C-471C-BECF-7FA3C575845B}.ReleaseVive|x64.Build.0 = ReleaseVive|x64
		{27A6408C-349F-4188-B62D-5209BD9C5ABE}.Debug|ARM64.ActiveCfg = Debug|x64
		{27A6408C-349F-4188-B62D-5209BD9C5ABE}.Debug|x64.ActiveCfg = Debug|x64
		{27A6408C-349F-4188-B62D-5209BD9C5ABE}.Debug|x64.Build.0 = Debug|x64
		{27A6408C-349F-4188-B62D-5209BD9C5ABE}.Dev|ARM64.ActiveCfg = Dev|x64
		{27A6408C-349F-4188-B62D-5209BD9C5ABE}.Dev|x64.ActiveCfg = Dev|x64
		{27A6408C-349F-4188-B62D-5209BD9C5ABE}.Dev|x64.Build.0 = Dev|x64
		{27A6408C-349F-4188-B62D-5209BD9C5ABE}.Profiler|ARM64.ActiveCfg = Profiler|x64
		{27A6408C-349F-4188-B62D-5209BD9C5ABE}.Profiler|x64.ActiveCfg = Profiler|x64
		{27A6408C-349F-4188-B62D-5209BD9C5ABE}.Profiler|x64.Build.0 = Profiler|x64
		{27A6408C-349F-4188-B62D-5209BD9C5ABE}.Release|ARM64.ActiveCfg = Release|x64
		{27A6408C-349F-4188-B62D-5209BD9C5ABE}.Release|x64.ActiveCfg = Release|x64
		{27A6408C-349F-4188-B62D-5209BD9C5ABE}.Release|x64.Build.0 = Release|x64
		{27A6408C-349F-4188-B62D-5209BD9C5ABE}.ReleaseAndroid|ARM64.ActiveCfg = Release|x64
		{27A6408C-349F-4188-B62D-5209BD9C5ABE}.ReleaseAndroid|x64.ActiveCfg = Release|x64
		{27A6408C-349F-4188-B62D-5209BD9C5ABE}.ReleaseOculus|ARM64.ActiveCfg = Release|x64
		{27A6408C-349F-4188-B62D-5209BD9C5ABE}.ReleaseOculus|x64.ActiveCfg = Release|x64
		{27A6408C-349F-4188-B62D-5209BD9C5ABE}.ReleasePico|ARM64.ActiveCfg = Release|x64
		{27A6408C-349F-4188-B62D-5209BD9C5ABE}.ReleasePico|x64.ActiveCfg = Release|x64
		{27A6408C-349F-4188-B62D-5209BD9C5ABE}.ReleaseSteam|ARM64.ActiveCfg = Release|x64
		{27A6408C-349F-4188-B62D-5209BD9C5ABE}.ReleaseSteam|x64.ActiveCfg = Release|x64
		{27A6408C-349F-4188-B62D-5209BD9C5ABE}.ReleaseVive|ARM64.ActiveCfg = Release|x64
		{27A6408C-349F-4188-B62D-5209BD9C5ABE}.ReleaseVive|x64.ActiveCfg = Release|x64
		{155A8006-7FF7-497E-A7BE-B7936837ABEA}.Debug|ARM64.ActiveCfg = Debug|ARM64
		{155A8006-7FF7-497E-A7BE-B7936837ABEA}.Debug|ARM64.Build.0 = Debug|ARM64
		{155A8006-7FF7-497E-A7BE-B7936837ABEA}.Debug|x64.ActiveCfg = Debug|x64
		{155A8006-7FF7-497E-A7BE-B7936837ABEA}.Debug|x64.Build.0 = Debug|x64
		{155A8006-7FF7-497E-A7BE-B7936837ABEA}.Dev|ARM64.ActiveCfg = Dev|ARM64
		{155A8006-7FF7-497E-A7BE-B7936837ABEA}.Dev|ARM64.Build.0 = Dev|ARM64
		{155A8006-7FF7-497E-A7BE-B7936837ABEA}.Dev|x64.ActiveCfg = Dev|x64
		{155A8006-7FF7-497E-A7BE-B7936837ABEA}.Dev|x64.Build.0 = Dev|x64
		{155A8006-7FF7-497E-A7BE-B7936837ABEA}.Profiler|ARM64.ActiveCfg = Profiler|ARM64
		{155A8006-7FF7-497E-A7BE-B7936837ABEA}.Profiler|ARM64.Build.0 = Profiler|ARM64
		{155A8006-7FF7-497E-A7BE-B7936837ABEA}.Profiler|x64.ActiveCfg = Profiler|x64
		{155A8006-7FF7-497E-A7BE-B7936837ABEA}.Profiler|x64.Build.0 = Profiler|x64
		{155A8006-7FF7-497E-A7BE-B7936837ABEA}.Release|ARM64.ActiveCfg = Release|ARM64
		{155A8006-7FF7-497E-A7BE-B7936837ABEA}.Release|ARM64.Build.0 = Release|ARM64
		{155A8006-7FF7-497E-A7BE-B7936837ABEA}.Release|x64.ActiveCfg = Release|x64
		{155A8006-7FF7-497E-A7BE-B7936837ABEA}.Release|x64.Build.0 = Release|x64
		{155A8006-7FF7-497E-A7BE-B7936837ABEA}.ReleaseAndroid|ARM64.ActiveCfg = ReleaseAndroid|ARM64
		{155A8006-7FF7-497E-A7BE-B7936837ABEA}.ReleaseAndroid|ARM64.Build.0 = ReleaseAndroid|ARM64
		{155A8006-7FF7-497E-A7BE-B7936837ABEA}.ReleaseAndroid|x64.ActiveCfg = ReleaseAndroid|ARM64
		{155A8006-7FF7-497E-A7BE-B7936837ABEA}.ReleaseOculus|ARM64.ActiveCfg = ReleaseOculus|ARM64
		{155A8006-7FF7-497E-A7BE-B7936837ABEA}.ReleaseOculus|ARM64.Build.0 = ReleaseOculus|ARM64
		{155A8006-7FF7-497E-A7BE-B7936837ABEA}.ReleaseOculus|x64.ActiveCfg = ReleaseOculus|x64
		{155A8006-7FF7-497E-A7BE-B7936837ABEA}.ReleaseOculus|x64.Build.0 = ReleaseOculus|x64
		{155A8006-7FF7-497E-A7BE-B7936837ABEA}.ReleasePico|ARM64.ActiveCfg = ReleasePico|ARM64
		{155A8006-7FF7-497E-A7BE-B7936837ABEA}.ReleasePico|ARM64.Build.0 = ReleasePico|ARM64
		{155A8006-7FF7-497E-A7BE-B7936837ABEA}.ReleasePico|x64.ActiveCfg = ReleasePico|ARM64
		{155A8006-7FF7-497E-A7BE-B7936837ABEA}.ReleaseSteam|ARM64.ActiveCfg = ReleaseSteam|ARM64
		{155A8006-7FF7-497E-A7BE-B7936837ABEA}.ReleaseSteam|x64.ActiveCfg = ReleaseSteam|x64
		{155A8006-7FF7-497E-A7BE-B7936837ABEA}.ReleaseSteam|x64.Build.0 = ReleaseSteam|x64
		{155A8006-7FF7-497E-A7BE-B7936837ABEA}.ReleaseVive|ARM64.ActiveCfg = ReleaseVive|ARM64
		{155A8006-7FF7-497E-A7BE-B7936837ABEA}.ReleaseVive|ARM64.Build.0 = ReleaseVive|ARM64
		{155A8006-7FF7-497E-A7BE-B7936837ABEA}.ReleaseVive|x64.ActiveCfg = ReleaseVive|x64
		{155A8006-7FF7-497E-A7BE-B7936837ABEA}.ReleaseVive|x64.Build.0 = ReleaseVive|x64
		{CD6DE3E4-7B01-4B4A-8593-82C67B7BAA75}.Debug|ARM64.ActiveCfg = Debug|ARM64
		{CD6DE3E4-7B01-4B4A-8593-82C67B7BAA75}.Debug|ARM64.Build.0 = Debug|ARM64
		{CD6DE3E4-7B01-4B4A-8593-82C67B7BAA75}.Debug|x64.ActiveCfg = Debug|x64
		{CD6DE3E4-7B01-4B4A-8593-82C67B7BAA75}.Debug|x64.Build.0 = Debug|x64
		{CD6DE3E4-7B01-4B4A-8593-82C67B7BAA75}.Dev|ARM64.ActiveCfg = Dev|ARM64
		{CD6DE3E4-7B01-4B4A-8593-82C67B7BAA75}.Dev|ARM64.Build.0 = Dev|ARM64
		{CD6DE3E4-7B01-4B4A-8593-82C67B7BAA75}.Dev|x64.ActiveCfg = Dev|x64
		{CD6DE3E4-7B01-4B4A-8593-82C67B7BAA75}.Dev|x64.Build.0 = Dev|x64
		{CD6DE3E4-7B01-4B4A-8593-82C67B7BAA75}.Profiler|ARM64.ActiveCfg = Profiler|ARM64
		{CD6DE3E4-7B01-4B4A-8593-82C67B7BAA75}.Profiler|ARM64.Build.0 = Profiler|ARM64
		{CD6DE3E4-7B01-4B4A-8593-82C67B7BAA75}.Profiler|x64.ActiveCfg = Profiler|x64
		{CD6DE3E4-7B01-4B4A-8593-82C67B7BAA75}.Profiler|x64.Build.0 = Profiler|x64
		{CD6DE3E4-7B01-4B4A-8593-82C67B7BAA75}.Release|ARM64.ActiveCfg = Release|ARM64
		{CD6DE3E4-7B01-4B4A-8593-82C67B7BAA75}.Release|ARM64.Build.0 = Release|ARM64
		{CD6DE3E4-7B01-4B4A-8593-82C67B7BAA75}.Release|x64.ActiveCfg = Release|x64
		{CD6DE3E4-7B01-4B4A-8593-82C67B7BAA75}.Release|x64.Build.0 = Release|x64
		{CD6DE3E4-7B01-4B4A-8593-82C67B7BAA75}.ReleaseAndroid|ARM64.ActiveCfg = ReleaseAndroid|ARM64
		{CD6DE3E4-7B01-4B4A-8593-82C67B7BAA75}.ReleaseAndroid|ARM64.Build.0 = ReleaseAndroid|ARM64
		{CD6DE3E4-7B01-4B4A-8593-82C67B7BAA75}.ReleaseAndroid|x64.ActiveCfg = ReleaseAndroid|ARM64
		{CD6DE3E4-7B01-4B4A-8593-82C67B7BAA75}.ReleaseOculus|ARM64.ActiveCfg = ReleaseOculus|ARM64
		{CD6DE3E4-7B01-4B4A-8593-82C67B7BAA75}.ReleaseOculus|ARM64.Build.0 = ReleaseOculus|ARM64
		{CD6DE3E4-7B01-4B4A-8593-82C67B7BAA75}.ReleaseOculus|x64.ActiveCfg = ReleaseOculus|x64
		{CD6DE3E4-7B01-4B4A-8593-82C67B7BAA75}.ReleaseOculus|x64.Build.0 = ReleaseOculus|x64
		{CD6DE3E4-7B01-4B4A-8593-82C67B7BAA75}.ReleasePico|ARM64.ActiveCfg = ReleasePico|ARM64
		{CD6DE3E4-7B01-4B4A-8593-82C67B7BAA75}.ReleasePico|ARM64.Build.0 = ReleasePico|ARM64
		{CD6DE3E4-7B01-4B4A-8593-82C67B7BAA75}.ReleasePico|x64.ActiveCfg = ReleasePico|ARM64
		{CD6DE3E4-7B01-4B4A-8593-82C67B7BAA75}.ReleaseSteam|ARM64.ActiveCfg = ReleaseSteam|ARM64
		{CD6DE3E4-7B01-4B4A-8593-82C67B7BAA75}.ReleaseSteam|x64.ActiveCfg = ReleaseSteam|x64
		{CD6DE3E4-7B01-4B4A-8593-82C67B7BAA75}.ReleaseSteam|x64.Build.0 = ReleaseSteam|x64
		{CD6DE3E4-7B01-4B4A-8593-82C67B7BAA75}.ReleaseVive|ARM64.ActiveCfg = ReleaseVive|ARM64
		{CD6DE3E4-7B01-4B4A-8593-82C67B7BAA75}.ReleaseVive|ARM64.Build.0 = ReleaseVive|ARM64
		{CD6DE3E4-7B01-4B4A-8593-82C67B7BAA75}.ReleaseVive|x64.ActiveCfg = ReleaseVive|x64
		{CD6DE3E4-7B01-4B4A-8593-82C67B7BAA75}.ReleaseVive|x64.Build.0 = ReleaseVive|x64
		{E1DE4C76-CA9E-4D26-9E43-B6F4B77AE202}.Debug|ARM64.ActiveCfg = Debug|x64
		{E1DE4C76-CA9E-4D26-9E43-B6F4B77AE202}.Debug|x64.ActiveCfg = Debug|x64
		{E1DE4C76-CA9E-4D26-9E43-B6F4B77AE202}.Debug|x64.Build.0 = Debug|x64
		{E1DE4C76-CA9E-4D26-9E43-B6F4B77AE202}.Dev|ARM64.ActiveCfg = Dev|x64
		{E1DE4C76-CA9E-4D26-9E43-B6F4B77AE202}.Dev|x64.ActiveCfg = Dev|x64
		{E1DE4C76-CA9E-4D26-9E43-B6F4B77AE202}.Dev|x64.Build.0 = Dev|x64
		{E1DE4C76-CA9E-4D26-9E43-B6F4B77AE202}.Profiler|ARM64.ActiveCfg = Profiler|x64
		{E1DE4C76-CA9E-4D26-9E43-B6F4B77AE202}.Profiler|x64.ActiveCfg = Profiler|x64
		{E1DE4C76-CA9E-4D26-9E43-B6F4B77AE202}.Profiler|x64.Build.0 = Profiler|x64
		{E1DE4C76-CA9E-4D26-9E43-B6F4B77AE202}.Release|ARM64.ActiveCfg = Release|x64
		{E1DE4C76-CA9E-4D26-9E43-B6F4B77AE202}.Release|x64.ActiveCfg = Release|x64
		{E1DE4C76-CA9E-4D26-9E43-B6F4B77AE202}.Release|x64.Build.0 = Release|x64
		{E1DE4C76-CA9E-4D26-9E43-B6F4B77AE202}.ReleaseAndroid|ARM64.ActiveCfg = ReleaseAndroid|x64
		{E1DE4C76-CA9E-4D26-9E43-B6F4B77AE202}.ReleaseAndroid|x64.ActiveCfg = ReleaseAndroid|x64
		{E1DE4C76-CA9E-4D26-9E43-B6F4B77AE202}.ReleaseOculus|ARM64.ActiveCfg = ReleaseOculus|x64
		{E1DE4C76-CA9E-4D26-9E43-B6F4B77AE202}.ReleaseOculus|x64.ActiveCfg = ReleaseOculus|x64
		{E1DE4C76-CA9E-4D26-9E43-B6F4B77AE202}.ReleaseOculus|x64.Build.0 = ReleaseOculus|x64
		{E1DE4C76-CA9E-4D26-9E43-B6F4B77AE202}.ReleasePico|ARM64.ActiveCfg = ReleasePico|x64
		{E1DE4C76-CA9E-4D26-9E43-B6F4B77AE202}.ReleasePico|x64.ActiveCfg = ReleasePico|x64
		{E1DE4C76-CA9E-4D26-9E43-B6F4B77AE202}.ReleaseSteam|ARM64.ActiveCfg = ReleaseSteam|x64
		{E1DE4C76-CA9E-4D26-9E43-B6F4B77AE202}.ReleaseSteam|x64.ActiveCfg = ReleaseSteam|x64
		{E1DE4C76-CA9E-4D26-9E43-B6F4B77AE202}.ReleaseSteam|x64.Build.0 = ReleaseSteam|x64
		{E1DE4C76-CA9E-4D26-9E43-B6F4B77AE202}.ReleaseVive|ARM64.ActiveCfg = ReleaseVive|x64
		{E1DE4C76-CA9E-4D26-9E43-B6F4B77AE202}.ReleaseVive|x64.ActiveCfg = ReleaseVive|x64
		{E1DE4C76-CA9E-4D26-9E43-B6F4B77AE202}.ReleaseVive|x64.Build.0 = ReleaseVive|x64
		{8B43927A-6BD8-46EC-87A2-E7F38F574265}.Debug|ARM64.ActiveCfg = Debug|ARM64
		{8B43927A-6BD8-46EC-87A2-E7F38F574265}.Debug|ARM64.Build.0 = Debug|ARM64
		{8B43927A-6BD8-46EC-87A2-E7F38F574265}.Debug|x64.ActiveCfg = Debug|x64
		{8B43927A-6BD8-46EC-87A2-E7F38F574265}.Debug|x64.Build.0 = Debug|x64
		{8B43927A-6BD8-46EC-87A2-E7F38F574265}.Dev|ARM64.ActiveCfg = Dev|ARM64
		{8B43927A-6BD8-46EC-87A2-E7F38F574265}.Dev|ARM64.Build.0 = Dev|ARM64
		{8B43927A-6BD8-46EC-87A2-E7F38F574265}.Dev|x64.ActiveCfg = Dev|x64
		{8B43927A-6BD8-46EC-87A2-E7F38F574265}.Dev|x64.Build.0 = Dev|x64
		{8B43927A-6BD8-46EC-87A2-E7F38F574265}.Profiler|ARM64.ActiveCfg = Profiler|ARM64
		{8B43927A-6BD8-46EC-87A2-E7F38F574265}.Profiler|ARM64.Build.0 = Profiler|ARM64
		{8B43927A-6BD8-46EC-87A2-E7F38F574265}.Profiler|x64.ActiveCfg = Profiler|x64
		{8B43927A-6BD8-46EC-87A2-E7F38F574265}.Profiler|x64.Build.0 = Profiler|x64
		{8B43927A-6BD8-46EC-87A2-E7F38F574265}.Release|ARM64.ActiveCfg = Release|ARM64
		{8B43927A-6BD8-46EC-87A2-E7F38F574265}.Release|ARM64.Build.0 = Release|ARM64
		{8B43927A-6BD8-46EC-87A2-E7F38F574265}.Release|x64.ActiveCfg = Release|x64
		{8B43927A-6BD8-46EC-87A2-E7F38F574265}.Release|x64.Build.0 = Release|x64
		{8B43927A-6BD8-46EC-87A2-E7F38F574265}.ReleaseAndroid|ARM64.ActiveCfg = ReleaseAndroid|ARM64
		{8B43927A-6BD8-46EC-87A2-E7F38F574265}.ReleaseAndroid|ARM64.Build.0 = ReleaseAndroid|ARM64
		{8B43927A-6BD8-46EC-87A2-E7F38F574265}.ReleaseAndroid|x64.ActiveCfg = ReleaseAndroid|ARM64
		{8B43927A-6BD8-46EC-87A2-E7F38F574265}.ReleaseOculus|ARM64.ActiveCfg = ReleaseOculus|ARM64
		{8B43927A-6BD8-46EC-87A2-E7F38F574265}.ReleaseOculus|ARM64.Build.0 = ReleaseOculus|ARM64
		{8B43927A-6BD8-46EC-87A2-E7F38F574265}.ReleaseOculus|x64.ActiveCfg = ReleaseOculus|x64
		{8B43927A-6BD8-46EC-87A2-E7F38F574265}.ReleaseOculus|x64.Build.0 = ReleaseOculus|x64
		{8B43927A-6BD8-46EC-87A2-E7F38F574265}.ReleasePico|ARM64.ActiveCfg = ReleasePico|ARM64
		{8B43927A-6BD8-46EC-87A2-E7F38F574265}.ReleasePico|ARM64.Build.0 = ReleasePico|ARM64
		{8B43927A-6BD8-46EC-87A2-E7F38F574265}.ReleasePico|x64.ActiveCfg = ReleasePico|ARM64
		{8B43927A-6BD8-46EC-87A2-E7F38F574265}.ReleaseSteam|ARM64.ActiveCfg = ReleaseSteam|x64
		{8B43927A-6BD8-46EC-87A2-E7F38F574265}.ReleaseSteam|x64.ActiveCfg = ReleaseSteam|x64
		{8B43927A-6BD8-46EC-87A2-E7F38F574265}.ReleaseSteam|x64.Build.0 = ReleaseSteam|x64
		{8B43927A-6BD8-46EC-87A2-E7F38F574265}.ReleaseVive|ARM64.ActiveCfg = ReleaseVive|ARM64
		{8B43927A-6BD8-46EC-87A2-E7F38F574265}.ReleaseVive|ARM64.Build.0 = ReleaseVive|ARM64
		{8B43927A-6BD8-46EC-87A2-E7F38F574265}.ReleaseVive|x64.ActiveCfg = ReleaseVive|x64
		{8B43927A-6BD8-46EC-87A2-E7F38F574265}.ReleaseVive|x64.Build.0 = ReleaseVive|x64
		{DC1C7FF7-C044-463C-B946-C7298734E2F5}.Debug|ARM64.ActiveCfg = Debug|ARM64
		{DC1C7FF7-C044-463C-B946-C7298734E2F5}.Debug|ARM64.Build.0 = Debug|ARM64
		{DC1C7FF7-C044-463C-B946-C7298734E2F5}.Debug|x64.ActiveCfg = Debug|ARM64
		{DC1C7FF7-C044-463C-B946-C7298734E2F5}.Dev|ARM64.ActiveCfg = Dev|ARM64
		{DC1C7FF7-C044-463C-B946-C7298734E2F5}.Dev|ARM64.Build.0 = Dev|ARM64
		{DC1C7FF7-C044-463C-B946-C7298734E2F5}.Dev|x64.ActiveCfg = Dev|ARM64
		{DC1C7FF7-C044-463C-B946-C7298734E2F5}.Profiler|ARM64.ActiveCfg = Profiler|ARM64
		{DC1C7FF7-C044-463C-B946-C7298734E2F5}.Profiler|ARM64.Build.0 = Profiler|ARM64
		{DC1C7FF7-C044-463C-B946-C7298734E2F5}.Profiler|x64.ActiveCfg = Profiler|ARM64
		{DC1C7FF7-C044-463C-B946-C7298734E2F5}.Release|ARM64.ActiveCfg = Release|ARM64
		{DC1C7FF7-C044-463C-B946-C7298734E2F5}.Release|ARM64.Build.0 = Release|ARM64
		{DC1C7FF7-C044-463C-B946-C7298734E2F5}.Release|x64.ActiveCfg = Release|ARM64
		{DC1C7FF7-C044-463C-B946-C7298734E2F5}.ReleaseAndroid|ARM64.ActiveCfg = ReleaseAndroid|ARM64
		{DC1C7FF7-C044-463C-B946-C7298734E2F5}.ReleaseAndroid|ARM64.Build.0 = ReleaseAndroid|ARM64
		{DC1C7FF7-C044-463C-B946-C7298734E2F5}.ReleaseAndroid|x64.ActiveCfg = ReleaseAndroid|ARM64
		{DC1C7FF7-C044-463C-B946-C7298734E2F5}.ReleaseOculus|ARM64.ActiveCfg = ReleaseOculus|ARM64
		{DC1C7FF7-C044-463C-B946-C7298734E2F5}.ReleaseOculus|ARM64.Build.0 = ReleaseOculus|ARM64
		{DC1C7FF7-C044-463C-B946-C7298734E2F5}.ReleaseOculus|x64.ActiveCfg = ReleaseOculus|ARM64
		{DC1C7FF7-C044-463C-B946-C7298734E2F5}.ReleasePico|ARM64.ActiveCfg = ReleasePico|ARM64
		{DC1C7FF7-C044-463C-B946-C7298734E2F5}.ReleasePico|ARM64.Build.0 = ReleasePico|ARM64
		{DC1C7FF7-C044-463C-B946-C7298734E2F5}.ReleasePico|x64.ActiveCfg = ReleasePico|ARM64
		{DC1C7FF7-C044-463C-B946-C7298734E2F5}.ReleaseSteam|ARM64.ActiveCfg = ReleaseOculus|ARM64
		{DC1C7FF7-C044-463C-B946-C7298734E2F5}.ReleaseSteam|x64.ActiveCfg = Release|ARM64
		{DC1C7FF7-C044-463C-B946-C7298734E2F5}.ReleaseVive|ARM64.ActiveCfg = ReleaseVive|ARM64
		{DC1C7FF7-C044-463C-B946-C7298734E2F5}.ReleaseVive|ARM64.Build.0 = ReleaseVive|ARM64
		{DC1C7FF7-C044-463C-B946-C7298734E2F5}.ReleaseVive|x64.ActiveCfg = ReleaseVive|ARM64
		{6F16D2C8-3746-44D2-B124-ED09E3CBD2D2}.Debug|ARM64.ActiveCfg = Debug|ARM64
		{6F16D2C8-3746-44D2-B124-ED09E3CBD2D2}.Debug|ARM64.Build.0 = Debug|ARM64
		{6F16D2C8-3746-44D2-B124-ED09E3CBD2D2}.Debug|ARM64.Deploy.0 = Debug|ARM64
		{6F16D2C8-3746-44D2-B124-ED09E3CBD2D2}.Debug|x64.ActiveCfg = Debug|ARM64
		{6F16D2C8-3746-44D2-B124-ED09E3CBD2D2}.Dev|ARM64.ActiveCfg = Dev|ARM64
		{6F16D2C8-3746-44D2-B124-ED09E3CBD2D2}.Dev|ARM64.Build.0 = Dev|ARM64
		{6F16D2C8-3746-44D2-B124-ED09E3CBD2D2}.Dev|ARM64.Deploy.0 = Dev|ARM64
		{6F16D2C8-3746-44D2-B124-ED09E3CBD2D2}.Dev|x64.ActiveCfg = Dev|ARM64
		{6F16D2C8-3746-44D2-B124-ED09E3CBD2D2}.Profiler|ARM64.ActiveCfg = Profiler|ARM64
		{6F16D2C8-3746-44D2-B124-ED09E3CBD2D2}.Profiler|ARM64.Build.0 = Profiler|ARM64
		{6F16D2C8-3746-44D2-B124-ED09E3CBD2D2}.Profiler|ARM64.Deploy.0 = Profiler|ARM64
		{6F16D2C8-3746-44D2-B124-ED09E3CBD2D2}.Profiler|x64.ActiveCfg = Profiler|ARM64
		{6F16D2C8-3746-44D2-B124-ED09E3CBD2D2}.Release|ARM64.ActiveCfg = Release|ARM64
		{6F16D2C8-3746-44D2-B124-ED09E3CBD2D2}.Release|ARM64.Build.0 = Release|ARM64
		{6F16D2C8-3746-44D2-B124-ED09E3CBD2D2}.Release|ARM64.Deploy.0 = Release|ARM64
		{6F16D2C8-3746-44D2-B124-ED09E3CBD2D2}.Release|x64.ActiveCfg = Release|ARM64
		{6F16D2C8-3746-44D2-B124-ED09E3CBD2D2}.ReleaseAndroid|ARM64.ActiveCfg = Profiler|ARM64
		{6F16D2C8-3746-44D2-B124-ED09E3CBD2D2}.ReleaseAndroid|x64.ActiveCfg = Profiler|ARM64
		{6F16D2C8-3746-44D2-B124-ED09E3CBD2D2}.ReleaseOculus|ARM64.ActiveCfg = ReleaseOculus|ARM64
		{6F16D2C8-3746-44D2-B124-ED09E3CBD2D2}.ReleaseOculus|ARM64.Build.0 = ReleaseOculus|ARM64
		{6F16D2C8-3746-44D2-B124-ED09E3CBD2D2}.ReleaseOculus|ARM64.Deploy.0 = ReleaseOculus|ARM64
		{6F16D2C8-3746-44D2-B124-ED09E3CBD2D2}.ReleaseOculus|x64.ActiveCfg = ReleaseOculus|ARM64
		{6F16D2C8-3746-44D2-B124-ED09E3CBD2D2}.ReleasePico|ARM64.ActiveCfg = Profiler|ARM64
		{6F16D2C8-3746-44D2-B124-ED09E3CBD2D2}.ReleasePico|x64.ActiveCfg = Profiler|ARM64
		{6F16D2C8-3746-44D2-B124-ED09E3CBD2D2}.ReleaseSteam|ARM64.ActiveCfg = ReleaseOculus|ARM64
		{6F16D2C8-3746-44D2-B124-ED09E3CBD2D2}.ReleaseSteam|x64.ActiveCfg = Release|ARM64
		{6F16D2C8-3746-44D2-B124-ED09E3CBD2D2}.ReleaseVive|ARM64.ActiveCfg = Profiler|ARM64
		{6F16D2C8-3746-44D2-B124-ED09E3CBD2D2}.ReleaseVive|x64.ActiveCfg = Profiler|ARM64
		{F853E94C-74BA-4A19-8634-E973BE619BE4}.Debug|ARM64.ActiveCfg = Debug|ARM64
		{F853E94C-74BA-4A19-8634-E973BE619BE4}.Debug|ARM64.Build.0 = Debug|ARM64
		{F853E94C-74BA-4A19-8634-E973BE619BE4}.Debug|ARM64.Deploy.0 = Debug|ARM64
		{F853E94C-74BA-4A19-8634-E973BE619BE4}.Debug|x64.ActiveCfg = Debug|ARM64
		{F853E94C-74BA-4A19-8634-E973BE619BE4}.Dev|ARM64.ActiveCfg = Dev|ARM64
		{F853E94C-74BA-4A19-8634-E973BE619BE4}.Dev|ARM64.Build.0 = Dev|ARM64
		{F853E94C-74BA-4A19-8634-E973BE619BE4}.Dev|ARM64.Deploy.0 = Dev|ARM64
		{F853E94C-74BA-4A19-8634-E973BE619BE4}.Dev|x64.ActiveCfg = Dev|ARM64
		{F853E94C-74BA-4A19-8634-E973BE619BE4}.Profiler|ARM64.ActiveCfg = Profiler|ARM64
		{F853E94C-74BA-4A19-8634-E973BE619BE4}.Profiler|ARM64.Build.0 = Profiler|ARM64
		{F853E94C-74BA-4A19-8634-E973BE619BE4}.Profiler|ARM64.Deploy.0 = Profiler|ARM64
		{F853E94C-74BA-4A19-8634-E973BE619BE4}.Profiler|x64.ActiveCfg = Profiler|ARM64
		{F853E94C-74BA-4A19-8634-E973BE619BE4}.Release|ARM64.ActiveCfg = Release|ARM64
		{F853E94C-74BA-4A19-8634-E973BE619BE4}.Release|ARM64.Build.0 = Release|ARM64
		{F853E94C-74BA-4A19-8634-E973BE619BE4}.Release|ARM64.Deploy.0 = Release|ARM64
		{F853E94C-74BA-4A19-8634-E973BE619BE4}.Release|x64.ActiveCfg = Release|ARM64
		{F853E94C-74BA-4A19-8634-E973BE619BE4}.ReleaseAndroid|ARM64.ActiveCfg = ReleaseVive|ARM64
		{F853E94C-74BA-4A19-8634-E973BE619BE4}.ReleaseAndroid|x64.ActiveCfg = ReleaseVive|ARM64
		{F853E94C-74BA-4A19-8634-E973BE619BE4}.ReleaseOculus|ARM64.ActiveCfg = ReleaseVive|ARM64
		{F853E94C-74BA-4A19-8634-E973BE619BE4}.ReleaseOculus|x64.ActiveCfg = ReleaseVive|ARM64
		{F853E94C-74BA-4A19-8634-E973BE619BE4}.ReleasePico|ARM64.ActiveCfg = ReleaseVive|ARM64
		{F853E94C-74BA-4A19-8634-E973BE619BE4}.ReleasePico|x64.ActiveCfg = ReleaseVive|ARM64
		{F853E94C-74BA-4A19-8634-E973BE619BE4}.ReleaseSteam|ARM64.ActiveCfg = ReleaseVive|ARM64
		{F853E94C-74BA-4A19-8634-E973BE619BE4}.ReleaseSteam|x64.ActiveCfg = Release|ARM64
		{F853E94C-74BA-4A19-8634-E973BE619BE4}.ReleaseVive|ARM64.ActiveCfg = ReleaseVive|ARM64
		{F853E94C-74BA-4A19-8634-E973BE619BE4}.ReleaseVive|ARM64.Build.0 = ReleaseVive|ARM64
		{F853E94C-74BA-4A19-8634-E973BE619BE4}.ReleaseVive|ARM64.Deploy.0 = ReleaseVive|ARM64
		{F853E94C-74BA-4A19-8634-E973BE619BE4}.ReleaseVive|x64.ActiveCfg = ReleaseVive|ARM64
		{64369BFC-1249-97CB-57DE-DB9714CB6A46}.Debug|ARM64.ActiveCfg = Debug|ARM64
		{64369BFC-1249-97CB-57DE-DB9714CB6A46}.Debug|ARM64.Build.0 = Debug|ARM64
		{64369BFC-1249-97CB-57DE-DB9714CB6A46}.Debug|ARM64.Deploy.0 = Debug|ARM64
		{64369BFC-1249-97CB-57DE-DB9714CB6A46}.Debug|x64.ActiveCfg = Debug|ARM64
		{64369BFC-1249-97CB-57DE-DB9714CB6A46}.Dev|ARM64.ActiveCfg = Dev|ARM64
		{64369BFC-1249-97CB-57DE-DB9714CB6A46}.Dev|ARM64.Build.0 = Dev|ARM64
		{64369BFC-1249-97CB-57DE-DB9714CB6A46}.Dev|ARM64.Deploy.0 = Dev|ARM64
		{64369BFC-1249-97CB-57DE-DB9714CB6A46}.Dev|x64.ActiveCfg = Dev|ARM64
		{64369BFC-1249-97CB-57DE-DB9714CB6A46}.Profiler|ARM64.ActiveCfg = Profiler|ARM64
		{64369BFC-1249-97CB-57DE-DB9714CB6A46}.Profiler|ARM64.Build.0 = Profiler|ARM64
		{64369BFC-1249-97CB-57DE-DB9714CB6A46}.Profiler|ARM64.Deploy.0 = Profiler|ARM64
		{64369BFC-1249-97CB-57DE-DB9714CB6A46}.Profiler|x64.ActiveCfg = Profiler|ARM64
		{64369BFC-1249-97CB-57DE-DB9714CB6A46}.Release|ARM64.ActiveCfg = Release|ARM64
		{64369BFC-1249-97CB-57DE-DB9714CB6A46}.Release|ARM64.Build.0 = Release|ARM64
		{64369BFC-1249-97CB-57DE-DB9714CB6A46}.Release|ARM64.Deploy.0 = Release|ARM64
		{64369BFC-1249-97CB-57DE-DB9714CB6A46}.Release|x64.ActiveCfg = Release|ARM64
		{64369BFC-1249-97CB-57DE-DB9714CB6A46}.ReleaseAndroid|ARM64.ActiveCfg = ReleasePico|ARM64
		{64369BFC-1249-97CB-57DE-DB9714CB6A46}.ReleaseAndroid|x64.ActiveCfg = ReleasePico|ARM64
		{64369BFC-1249-97CB-57DE-DB9714CB6A46}.ReleaseOculus|ARM64.ActiveCfg = ReleasePico|ARM64
		{64369BFC-1249-97CB-57DE-DB9714CB6A46}.ReleaseOculus|x64.ActiveCfg = ReleasePico|ARM64
		{64369BFC-1249-97CB-57DE-DB9714CB6A46}.ReleasePico|ARM64.ActiveCfg = ReleasePico|ARM64
		{64369BFC-1249-97CB-57DE-DB9714CB6A46}.ReleasePico|ARM64.Build.0 = ReleasePico|ARM64
		{64369BFC-1249-97CB-57DE-DB9714CB6A46}.ReleasePico|ARM64.Deploy.0 = ReleasePico|ARM64
		{64369BFC-1249-97CB-57DE-DB9714CB6A46}.ReleasePico|x64.ActiveCfg = ReleasePico|ARM64
		{64369BFC-1249-97CB-57DE-DB9714CB6A46}.ReleaseSteam|ARM64.ActiveCfg = ReleasePico|ARM64
		{64369BFC-1249-97CB-57DE-DB9714CB6A46}.ReleaseSteam|x64.ActiveCfg = Release|ARM64
		{64369BFC-1249-97CB-57DE-DB9714CB6A46}.ReleaseVive|ARM64.ActiveCfg = ReleasePico|ARM64
		{64369BFC-1249-97CB-57DE-DB9714CB6A46}.ReleaseVive|x64.ActiveCfg = ReleasePico|ARM64
		{89C9DE4E-B581-C979-197F-F90128BA95C3}.Debug|ARM64.ActiveCfg = Debug|ARM64
		{89C9DE4E-B581-C979-197F-F90128BA95C3}.Debug|ARM64.Build.0 = Debug|ARM64
		{89C9DE4E-B581-C979-197F-F90128BA95C3}.Debug|ARM64.Deploy.0 = Debug|ARM64
		{89C9DE4E-B581-C979-197F-F90128BA95C3}.Debug|x64.ActiveCfg = Debug|ARM64
		{89C9DE4E-B581-C979-197F-F90128BA95C3}.Dev|ARM64.ActiveCfg = Dev|ARM64
		{89C9DE4E-B581-C979-197F-F90128BA95C3}.Dev|ARM64.Build.0 = Dev|ARM64
		{89C9DE4E-B581-C979-197F-F90128BA95C3}.Dev|ARM64.Deploy.0 = Dev|ARM64
		{89C9DE4E-B581-C979-197F-F90128BA95C3}.Dev|x64.ActiveCfg = Dev|ARM64
		{89C9DE4E-B581-C979-197F-F90128BA95C3}.Profiler|ARM64.ActiveCfg = Profiler|ARM64
		{89C9DE4E-B581-C979-197F-F90128BA95C3}.Profiler|ARM64.Build.0 = Profiler|ARM64
		{89C9DE4E-B581-C979-197F-F90128BA95C3}.Profiler|ARM64.Deploy.0 = Profiler|ARM64
		{89C9DE4E-B581-C979-197F-F90128BA95C3}.Profiler|x64.ActiveCfg = Profiler|ARM64
		{89C9DE4E-B581-C979-197F-F90128BA95C3}.Release|ARM64.ActiveCfg = Release|ARM64
		{89C9DE4E-B581-C979-197F-F90128BA95C3}.Release|ARM64.Build.0 = Release|ARM64
		{89C9DE4E-B581-C979-197F-F90128BA95C3}.Release|ARM64.Deploy.0 = Release|ARM64
		{89C9DE4E-B581-C979-197F-F90128BA95C3}.Release|x64.ActiveCfg = Release|ARM64
		{89C9DE4E-B581-C979-197F-F90128BA95C3}.ReleaseAndroid|ARM64.ActiveCfg = ReleaseAndroid|ARM64
		{89C9DE4E-B581-C979-197F-F90128BA95C3}.ReleaseAndroid|ARM64.Build.0 = ReleaseAndroid|ARM64
		{89C9DE4E-B581-C979-197F-F90128BA95C3}.ReleaseAndroid|ARM64.Deploy.0 = ReleaseAndroid|ARM64
		{89C9DE4E-B581-C979-197F-F90128BA95C3}.ReleaseAndroid|x64.ActiveCfg = ReleaseAndroid|ARM64
		{89C9DE4E-B581-C979-197F-F90128BA95C3}.ReleaseOculus|ARM64.ActiveCfg = Profiler|ARM64
		{89C9DE4E-B581-C979-197F-F90128BA95C3}.ReleaseOculus|x64.ActiveCfg = Profiler|ARM64
		{89C9DE4E-B581-C979-197F-F90128BA95C3}.ReleasePico|ARM64.ActiveCfg = Profiler|ARM64
		{89C9DE4E-B581-C979-197F-F90128BA95C3}.ReleasePico|x64.ActiveCfg = Profiler|ARM64
		{89C9DE4E-B581-C979-197F-F90128BA95C3}.ReleaseSteam|ARM64.ActiveCfg = Profiler|ARM64
		{89C9DE4E-B581-C979-197F-F90128BA95C3}.ReleaseSteam|x64.ActiveCfg = Release|ARM64
		{89C9DE4E-B581-C979-197F-F90128BA95C3}.ReleaseVive|ARM64.ActiveCfg = Profiler|ARM64
		{89C9DE4E-B581-C979-197F-F90128BA95C3}.ReleaseVive|x64.ActiveCfg = Profiler|ARM64
	EndGlobalSection
	GlobalSection(SolutionProperties) = preSolution
		HideSolutionNode = FALSE
	EndGlobalSection
	GlobalSection(NestedProjects) = preSolution
		{EAE24C03-3C9C-471C-BECF-7FA3C575845B} = {7ECDC5F7-A746-4F8A-BAA1-7C81F84BB67A}
		{27A6408C-349F-4188-B62D-5209BD9C5ABE} = {FFAA4C82-288E-4DED-AC08-C61344D03686}
		{155A8006-7FF7-497E-A7BE-B7936837ABEA} = {7ECDC5F7-A746-4F8A-BAA1-7C81F84BB67A}
		{CD6DE3E4-7B01-4B4A-8593-82C67B7BAA75} = {DCF1687A-EA37-406A-8325-85E42D490FD4}
		{E1DE4C76-CA9E-4D26-9E43-B6F4B77AE202} = {30E23F06-AAD4-4389-A7CC-1002FE4A5366}
		{8B43927A-6BD8-46EC-87A2-E7F38F574265} = {7ECDC5F7-A746-4F8A-BAA1-7C81F84BB67A}
		{DC1C7FF7-C044-463C-B946-C7298734E2F5} = {30E23F06-AAD4-4389-A7CC-1002FE4A5366}
		{6F16D2C8-3746-44D2-B124-ED09E3CBD2D2} = {30E23F06-AAD4-4389-A7CC-1002FE4A5366}
		{F853E94C-74BA-4A19-8634-E973BE619BE4} = {30E23F06-AAD4-4389-A7CC-1002FE4A5366}
		{64369BFC-1249-97CB-57DE-DB9714CB6A46} = {30E23F06-AAD4-4389-A7CC-1002FE4A5366}
		{89C9DE4E-B581-C979-197F-F90128BA95C3} = {30E23F06-AAD4-4389-A7CC-1002FE4A5366}
		{30E23F06-AAD4-4389-A7CC-1002FE4A5366} = {DCF1687A-EA37-406A-8325-85E42D490FD4}
		{DCF1687A-EA37-406A-8325-85E42D490FD4} = {FFAA4C82-288E-4DED-AC08-C61344D03686}
	EndGlobalSection
	GlobalSection(ExtensibilityGlobals) = postSolution
		SolutionGuid = {44FE64D6-6855-48EA-9E75-8ED72C9DF45D}
	EndGlobalSection
EndGlobal
